
Microsoft Visual Studio Solution File, Format Version 12.00
# Visual Studio Version 16
VisualStudioVersion = 16.0.31019.35
MinimumVisualStudioVersion = 10.0.40219.1
Project("{FAE04EC0-301F-11D3-BF4B-00C04F79EFBC}") = "FisioterapiaTFG", "FisioterapiaTFG.csproj", "{33D80030-9F11-4B51-ACDA-3FBBEB835404}"
EndProject
Global
	GlobalSection(SolutionConfigurationPlatforms) = preSolution
		Debug|Any CPU = Debug|Any CPU
		Release|Any CPU = Release|Any CPU
	EndGlobalSection
	GlobalSection(ProjectConfigurationPlatforms) = postSolution
		{33D80030-9F11-4B51-ACDA-3FBBEB835404}.Debug|Any CPU.ActiveCfg = Debug|Any CPU
		{33D80030-9F11-4B51-ACDA-3FBBEB835404}.Debug|Any CPU.Build.0 = Debug|Any CPU
		{33D80030-9F11-4B51-ACDA-3FBBEB835404}.Release|Any CPU.ActiveCfg = Release|Any CPU
		{33D80030-9F11-4B51-ACDA-3FBBEB835404}.Release|Any CPU.Build.0 = Release|Any CPU
	EndGlobalSection
	GlobalSection(SolutionProperties) = preSolution
		HideSolutionNode = FALSE
	EndGlobalSection
	GlobalSection(ExtensibilityGlobals) = postSolution
		SolutionGuid = {3E357D0D-FDA0-4D26-BA52-AC2F6611C828}
	EndGlobalSection
EndGlobal
